
Microsoft Visual Studio Solution File, Format Version 12.00
# Visual Studio Version 16
VisualStudioVersion = 16.0.31702.278
MinimumVisualStudioVersion = 10.0.40219.1
Project("{FAE04EC0-301F-11D3-BF4B-00C04F79EFBC}") = "cu.ViewModels.Lesvoorbeeld", "cu.ViewModels.Lesvoorbeeld\cu.ViewModels.Lesvoorbeeld.csproj", "{6593CDDD-EC1C-438E-B6DC-BF13881D9CFF}"
EndProject
Project("{9A19103F-16F7-4668-BE54-9A1E7A4F7556}") = "cu.ViewModels.Core", "cu.ViewModels.Core\cu.ViewModels.Core.csproj", "{6272D972-4591-404D-AFDA-1B68BC19BC9F}"
EndProject
Global
	GlobalSection(SolutionConfigurationPlatforms) = preSolution
		Debug|Any CPU = Debug|Any CPU
		Release|Any CPU = Release|Any CPU
	EndGlobalSection
	GlobalSection(ProjectConfigurationPlatforms) = postSolution
		{6593CDDD-EC1C-438E-B6DC-BF13881D9CFF}.Debug|Any CPU.ActiveCfg = Debug|Any CPU
		{6593CDDD-EC1C-438E-B6DC-BF13881D9CFF}.Debug|Any CPU.Build.0 = Debug|Any CPU
		{6593CDDD-EC1C-438E-B6DC-BF13881D9CFF}.Release|Any CPU.ActiveCfg = Release|Any CPU
		{6593CDDD-EC1C-438E-B6DC-BF13881D9CFF}.Release|Any CPU.Build.0 = Release|Any CPU
		{6272D972-4591-404D-AFDA-1B68BC19BC9F}.Debug|Any CPU.ActiveCfg = Debug|Any CPU
		{6272D972-4591-404D-AFDA-1B68BC19BC9F}.Debug|Any CPU.Build.0 = Debug|Any CPU
		{6272D972-4591-404D-AFDA-1B68BC19BC9F}.Release|Any CPU.ActiveCfg = Release|Any CPU
		{6272D972-4591-404D-AFDA-1B68BC19BC9F}.Release|Any CPU.Build.0 = Release|Any CPU
	EndGlobalSection
	GlobalSection(SolutionProperties) = preSolution
		HideSolutionNode = FALSE
	EndGlobalSection
	GlobalSection(ExtensibilityGlobals) = postSolution
		SolutionGuid = {0DBF233D-3184-400D-93CA-73086D78FF45}
	EndGlobalSection
EndGlobal
